
Microsoft Visual Studio Solution File, Format Version 12.00
# Visual Studio Version 17
VisualStudioVersion = 17.12.35506.116 d17.12
MinimumVisualStudioVersion = 10.0.40219.1
Project("{FAE04EC0-301F-11D3-BF4B-00C04F79EFBC}") = "ReflectionSample", "ReflectionSample\ReflectionSample.csproj", "{14C27BFC-3AE1-4D7D-BAA3-99A0165F53FA}"
EndProject
Project("{2150E333-8FDC-42A3-9474-1A3956D46DE8}") = "Solution Items", "Solution Items", "{81B5B703-6D70-4125-B138-95C0E717B6EB}"
	ProjectSection(SolutionItems) = preProject
		.gitignore = .gitignore
	EndProjectSection
EndProject
Project("{2150E333-8FDC-42A3-9474-1A3956D46DE8}") = "Images", "Images", "{26ED1622-9348-472F-A9AD-7FD9F08E3C7F}"
	ProjectSection(SolutionItems) = preProject
		Images\1.Reflection.png = Images\1.Reflection.png
		Images\2.ReflectionUsecases.png = Images\2.ReflectionUsecases.png
	EndProjectSection
EndProject
Global
	GlobalSection(SolutionConfigurationPlatforms) = preSolution
		Debug|Any CPU = Debug|Any CPU
		Release|Any CPU = Release|Any CPU
	EndGlobalSection
	GlobalSection(ProjectConfigurationPlatforms) = postSolution
		{14C27BFC-3AE1-4D7D-BAA3-99A0165F53FA}.Debug|Any CPU.ActiveCfg = Debug|Any CPU
		{14C27BFC-3AE1-4D7D-BAA3-99A0165F53FA}.Debug|Any CPU.Build.0 = Debug|Any CPU
		{14C27BFC-3AE1-4D7D-BAA3-99A0165F53FA}.Release|Any CPU.ActiveCfg = Release|Any CPU
		{14C27BFC-3AE1-4D7D-BAA3-99A0165F53FA}.Release|Any CPU.Build.0 = Release|Any CPU
	EndGlobalSection
	GlobalSection(SolutionProperties) = preSolution
		HideSolutionNode = FALSE
	EndGlobalSection
	GlobalSection(NestedProjects) = preSolution
		{26ED1622-9348-472F-A9AD-7FD9F08E3C7F} = {81B5B703-6D70-4125-B138-95C0E717B6EB}
	EndGlobalSection
EndGlobal
